
Microsoft Visual Studio Solution File, Format Version 12.00
# Visual Studio Version 16
VisualStudioVersion = 16.0.33027.164
MinimumVisualStudioVersion = 10.0.40219.1
Project("{8BC9CEB8-8B4A-11D0-8D11-00A0C91BC942}") = "OCCITest", "OCCITest\OCCITest.vcxproj", "{F06FB78D-5B2E-4086-B708-26531FEBADBC}"
EndProject
Global
	GlobalSection(SolutionConfigurationPlatforms) = preSolution
		Debug|x64 = Debug|x64
		Debug|x86 = Debug|x86
		Release|x64 = Release|x64
		Release|x86 = Release|x86
	EndGlobalSection
	GlobalSection(ProjectConfigurationPlatforms) = postSolution
		{F06FB78D-5B2E-4086-B708-26531FEBADBC}.Debug|x64.ActiveCfg = Debug|x64
		{F06FB78D-5B2E-4086-B708-26531FEBADBC}.Debug|x64.Build.0 = Debug|x64
		{F06FB78D-5B2E-4086-B708-26531FEBADBC}.Debug|x86.ActiveCfg = Debug|Win32
		{F06FB78D-5B2E-4086-B708-26531FEBADBC}.Debug|x86.Build.0 = Debug|Win32
		{F06FB78D-5B2E-4086-B708-26531FEBADBC}.Release|x64.ActiveCfg = Release|x64
		{F06FB78D-5B2E-4086-B708-26531FEBADBC}.Release|x64.Build.0 = Release|x64
		{F06FB78D-5B2E-4086-B708-26531FEBADBC}.Release|x86.ActiveCfg = Release|Win32
		{F06FB78D-5B2E-4086-B708-26531FEBADBC}.Release|x86.Build.0 = Release|Win32
	EndGlobalSection
	GlobalSection(SolutionProperties) = preSolution
		HideSolutionNode = FALSE
	EndGlobalSection
	GlobalSection(ExtensibilityGlobals) = postSolution
		SolutionGuid = {87C6782D-15D9-4D80-84B3-9FCBB857DDAB}
	EndGlobalSection
EndGlobal
